{
  "name": "demo-mini-g2",
  "version": "1.0.0",
  "lockfileVersion": 1,
  "requires": true,
  "dependencies": {
    "big-integer": {
      "version": "1.6.48",
      "resolved": "https://registry.npm.taobao.org/big-integer/download/big-integer-1.6.48.tgz",
      "integrity": "sha1-j9iL0WMsukocjD49cVnwi7lbS54="
    },
    "bignumber": {
      "version": "1.1.0",
      "resolved": "https://registry.npm.taobao.org/bignumber/download/bignumber-1.1.0.tgz",
      "integrity": "sha1-5qsKdD2l8+oBjlwXWX0SH3howVk="
    },
    "bignumber.js": {
      "version": "9.0.1",
      "resolved": "https://registry.npm.taobao.org/bignumber.js/download/bignumber.js-9.0.1.tgz",
      "integrity": "sha1-jXuhJMiCv9jkMmDGdHVRjQaJ5OU="
    },
    "vant-weapp": {
      "version": "0.5.29",
      "resolved": "https://registry.npm.taobao.org/vant-weapp/download/vant-weapp-0.5.29.tgz",
      "integrity": "sha1-i7wJQmPNilYMkzKy514tuibMBeA="
    }
  }
}
